// !$*UTF8*$!
{
	archiveVersion = 1;
	classes = {
	};
	objectVersion = 46;
	objects = {

/* Begin PBXBuildFile section */
		CE00DCC51E95454E00086BAA /* File in Resources */ = {isa = PBXBuildFile; fileRef = CE00DCC41E95454E00086BAA /* File */; };
		CE27102F1E8969F90077850D /* ConversationViewController.swift in Sources */ = {isa = PBXBuildFile; fileRef = CE27102E1E8969F90077850D /* ConversationViewController.swift */; };
		CE2710311E896A220077850D /* Conversation.storyboard in Resources */ = {isa = PBXBuildFile; fileRef = CE2710301E896A220077850D /* Conversation.storyboard */; };
		CE2710331E8973EB0077850D /* MessageCellConfiguration.swift in Sources */ = {isa = PBXBuildFile; fileRef = CE2710321E8973EB0077850D /* MessageCellConfiguration.swift */; };
		CE2710351E8974690077850D /* ConversationCell.swift in Sources */ = {isa = PBXBuildFile; fileRef = CE2710341E8974690077850D /* ConversationCell.swift */; };
		CE2710371E897D200077850D /* Message.swift in Sources */ = {isa = PBXBuildFile; fileRef = CE2710361E897D200077850D /* Message.swift */; };
		CE2710391E8F654E0077850D /* MessageLabel.swift in Sources */ = {isa = PBXBuildFile; fileRef = CE2710381E8F654E0077850D /* MessageLabel.swift */; };
		CE27103D1E8F85180077850D /* GCDDataManager.swift in Sources */ = {isa = PBXBuildFile; fileRef = CE27103C1E8F85180077850D /* GCDDataManager.swift */; };
		CE27103F1E8F8DEB0077850D /* User.plist in Resources */ = {isa = PBXBuildFile; fileRef = CE27103E1E8F8DEB0077850D /* User.plist */; };
		CE3B744F1EB3B22900985397 /* CoreDataStack.swift in Sources */ = {isa = PBXBuildFile; fileRef = CE3B744E1EB3B22900985397 /* CoreDataStack.swift */; };
		CE3B74511EB3C6EE00985397 /* AppUser.swift in Sources */ = {isa = PBXBuildFile; fileRef = CE3B74501EB3C6EE00985397 /* AppUser.swift */; };
		CE47E4E21E686DE8003F8B70 /* AppDelegate.swift in Sources */ = {isa = PBXBuildFile; fileRef = CE47E4E11E686DE8003F8B70 /* AppDelegate.swift */; };
		CE47E4E41E686DE8003F8B70 /* ViewController.swift in Sources */ = {isa = PBXBuildFile; fileRef = CE47E4E31E686DE8003F8B70 /* ViewController.swift */; };
		CE47E4EC1E686DEA003F8B70 /* Assets.xcassets in Resources */ = {isa = PBXBuildFile; fileRef = CE47E4EB1E686DEA003F8B70 /* Assets.xcassets */; };
		CE47E4FA1E686DEC003F8B70 /* TinkoffChatTests.swift in Sources */ = {isa = PBXBuildFile; fileRef = CE47E4F91E686DEC003F8B70 /* TinkoffChatTests.swift */; };
		CE6DB3DE1E96A642008DBF59 /* UserProfile.swift in Sources */ = {isa = PBXBuildFile; fileRef = CE6DB3DD1E96A642008DBF59 /* UserProfile.swift */; };
		CE6DB3EF1E98B7D4008DBF59 /* MultipeerCommunicator.swift in Sources */ = {isa = PBXBuildFile; fileRef = CE6DB3EE1E98B7D4008DBF59 /* MultipeerCommunicator.swift */; };
		CE6DB3F11E98C156008DBF59 /* CommunicationManager.swift in Sources */ = {isa = PBXBuildFile; fileRef = CE6DB3F01E98C156008DBF59 /* CommunicationManager.swift */; };
		CE8125C51EB4806F008C5FE6 /* User.swift in Sources */ = {isa = PBXBuildFile; fileRef = CE8125C41EB4806F008C5FE6 /* User.swift */; };
		CE8125C71EB48346008C5FE6 /* ProfileService.swift in Sources */ = {isa = PBXBuildFile; fileRef = CE8125C61EB48346008C5FE6 /* ProfileService.swift */; };
		CE8125C91EB48494008C5FE6 /* CoreDataManager.swift in Sources */ = {isa = PBXBuildFile; fileRef = CE8125C81EB48494008C5FE6 /* CoreDataManager.swift */; };
		CE8125CC1EB49DFB008C5FE6 /* TinkoffChat.xcdatamodeld in Sources */ = {isa = PBXBuildFile; fileRef = CE8125CA1EB49DFB008C5FE6 /* TinkoffChat.xcdatamodeld */; };
		CE972BC41E82DBC30000DFC5 /* ConversationsList.storyboard in Resources */ = {isa = PBXBuildFile; fileRef = CE972BC31E82DBC30000DFC5 /* ConversationsList.storyboard */; };
		CE972BC61E87C8660000DFC5 /* ConverstionListTableViewController.swift in Sources */ = {isa = PBXBuildFile; fileRef = CE972BC51E87C8650000DFC5 /* ConverstionListTableViewController.swift */; };
		CE972BCB1E87C9C00000DFC5 /* ConversationCellConfiguration.swift in Sources */ = {isa = PBXBuildFile; fileRef = CE972BCA1E87C9C00000DFC5 /* ConversationCellConfiguration.swift */; };
		CE972BCD1E87CA7E0000DFC5 /* ConversationListCell.swift in Sources */ = {isa = PBXBuildFile; fileRef = CE972BCC1E87CA7E0000DFC5 /* ConversationListCell.swift */; };
		CE972BCF1E87E20A0000DFC5 /* Conversation.swift in Sources */ = {isa = PBXBuildFile; fileRef = CE972BCE1E87E20A0000DFC5 /* Conversation.swift */; };
		CEEE2BB71EA3F09200632CA1 /* LaunchScreen.storyboard in Resources */ = {isa = PBXBuildFile; fileRef = CEEE2BB61EA3F09200632CA1 /* LaunchScreen.storyboard */; };
		CEEE2BB91EA3F0A700632CA1 /* Profile.storyboard in Resources */ = {isa = PBXBuildFile; fileRef = CEEE2BB81EA3F0A700632CA1 /* Profile.storyboard */; };
		CEEE2BBE1EA49F6000632CA1 /* StorageService.swift in Sources */ = {isa = PBXBuildFile; fileRef = CEEE2BBD1EA49F6000632CA1 /* StorageService.swift */; };
/* End PBXBuildFile section */

/* Begin PBXContainerItemProxy section */
		CE47E4F61E686DEC003F8B70 /* PBXContainerItemProxy */ = {
			isa = PBXContainerItemProxy;
			containerPortal = CE47E4D61E686DE8003F8B70 /* Project object */;
			proxyType = 1;
			remoteGlobalIDString = CE47E4DD1E686DE8003F8B70;
			remoteInfo = TinkoffChat;
		};
/* End PBXContainerItemProxy section */

/* Begin PBXFileReference section */
		CE00DCC41E95454E00086BAA /* File */ = {isa = PBXFileReference; fileEncoding = 4; lastKnownFileType = text; path = File; sourceTree = "<group>"; };
		CE27102E1E8969F90077850D /* ConversationViewController.swift */ = {isa = PBXFileReference; fileEncoding = 4; lastKnownFileType = sourcecode.swift; path = ConversationViewController.swift; sourceTree = "<group>"; };
		CE2710301E896A220077850D /* Conversation.storyboard */ = {isa = PBXFileReference; fileEncoding = 4; lastKnownFileType = file.storyboard; path = Conversation.storyboard; sourceTree = "<group>"; };
		CE2710321E8973EB0077850D /* MessageCellConfiguration.swift */ = {isa = PBXFileReference; fileEncoding = 4; lastKnownFileType = sourcecode.swift; path = MessageCellConfiguration.swift; sourceTree = "<group>"; };
		CE2710341E8974690077850D /* ConversationCell.swift */ = {isa = PBXFileReference; fileEncoding = 4; lastKnownFileType = sourcecode.swift; path = ConversationCell.swift; sourceTree = "<group>"; };
		CE2710361E897D200077850D /* Message.swift */ = {isa = PBXFileReference; fileEncoding = 4; lastKnownFileType = sourcecode.swift; path = Message.swift; sourceTree = "<group>"; };
		CE2710381E8F654E0077850D /* MessageLabel.swift */ = {isa = PBXFileReference; fileEncoding = 4; lastKnownFileType = sourcecode.swift; path = MessageLabel.swift; sourceTree = "<group>"; };
		CE27103C1E8F85180077850D /* GCDDataManager.swift */ = {isa = PBXFileReference; fileEncoding = 4; lastKnownFileType = sourcecode.swift; path = GCDDataManager.swift; sourceTree = "<group>"; };
		CE27103E1E8F8DEB0077850D /* User.plist */ = {isa = PBXFileReference; fileEncoding = 4; lastKnownFileType = text.plist.xml; path = User.plist; sourceTree = "<group>"; };
		CE3B744E1EB3B22900985397 /* CoreDataStack.swift */ = {isa = PBXFileReference; fileEncoding = 4; lastKnownFileType = sourcecode.swift; path = CoreDataStack.swift; sourceTree = "<group>"; };
		CE3B74501EB3C6EE00985397 /* AppUser.swift */ = {isa = PBXFileReference; fileEncoding = 4; lastKnownFileType = sourcecode.swift; path = AppUser.swift; sourceTree = "<group>"; };
		CE47E4DE1E686DE8003F8B70 /* TinkoffChat.app */ = {isa = PBXFileReference; explicitFileType = wrapper.application; includeInIndex = 0; path = TinkoffChat.app; sourceTree = BUILT_PRODUCTS_DIR; };
		CE47E4E11E686DE8003F8B70 /* AppDelegate.swift */ = {isa = PBXFileReference; lastKnownFileType = sourcecode.swift; path = AppDelegate.swift; sourceTree = "<group>"; };
		CE47E4E31E686DE8003F8B70 /* ViewController.swift */ = {isa = PBXFileReference; lastKnownFileType = sourcecode.swift; path = ViewController.swift; sourceTree = "<group>"; };
		CE47E4EB1E686DEA003F8B70 /* Assets.xcassets */ = {isa = PBXFileReference; lastKnownFileType = folder.assetcatalog; path = Assets.xcassets; sourceTree = "<group>"; };
		CE47E4F01E686DEA003F8B70 /* Info.plist */ = {isa = PBXFileReference; lastKnownFileType = text.plist.xml; path = Info.plist; sourceTree = "<group>"; };
		CE47E4F51E686DEC003F8B70 /* TinkoffChatTests.xctest */ = {isa = PBXFileReference; explicitFileType = wrapper.cfbundle; includeInIndex = 0; path = TinkoffChatTests.xctest; sourceTree = BUILT_PRODUCTS_DIR; };
		CE47E4F91E686DEC003F8B70 /* TinkoffChatTests.swift */ = {isa = PBXFileReference; lastKnownFileType = sourcecode.swift; path = TinkoffChatTests.swift; sourceTree = "<group>"; };
		CE47E4FB1E686DEC003F8B70 /* Info.plist */ = {isa = PBXFileReference; lastKnownFileType = text.plist.xml; path = Info.plist; sourceTree = "<group>"; };
		CE6DB3DD1E96A642008DBF59 /* UserProfile.swift */ = {isa = PBXFileReference; fileEncoding = 4; lastKnownFileType = sourcecode.swift; path = UserProfile.swift; sourceTree = "<group>"; };
		CE6DB3EE1E98B7D4008DBF59 /* MultipeerCommunicator.swift */ = {isa = PBXFileReference; fileEncoding = 4; lastKnownFileType = sourcecode.swift; path = MultipeerCommunicator.swift; sourceTree = "<group>"; };
		CE6DB3F01E98C156008DBF59 /* CommunicationManager.swift */ = {isa = PBXFileReference; fileEncoding = 4; lastKnownFileType = sourcecode.swift; name = CommunicationManager.swift; path = "Service layer/CommunicationManager.swift"; sourceTree = "<group>"; };
		CE8125C41EB4806F008C5FE6 /* User.swift */ = {isa = PBXFileReference; fileEncoding = 4; lastKnownFileType = sourcecode.swift; path = User.swift; sourceTree = "<group>"; };
		CE8125C61EB48346008C5FE6 /* ProfileService.swift */ = {isa = PBXFileReference; fileEncoding = 4; lastKnownFileType = sourcecode.swift; name = ProfileService.swift; path = "Service layer/ProfileService.swift"; sourceTree = "<group>"; };
		CE8125C81EB48494008C5FE6 /* CoreDataManager.swift */ = {isa = PBXFileReference; fileEncoding = 4; lastKnownFileType = sourcecode.swift; path = CoreDataManager.swift; sourceTree = "<group>"; };
		CE8125CB1EB49DFB008C5FE6 /* TinkoffChat.xcdatamodel */ = {isa = PBXFileReference; lastKnownFileType = wrapper.xcdatamodel; path = TinkoffChat.xcdatamodel; sourceTree = "<group>"; };
		CE972BC31E82DBC30000DFC5 /* ConversationsList.storyboard */ = {isa = PBXFileReference; fileEncoding = 4; lastKnownFileType = file.storyboard; path = ConversationsList.storyboard; sourceTree = "<group>"; };
		CE972BC51E87C8650000DFC5 /* ConverstionListTableViewController.swift */ = {isa = PBXFileReference; fileEncoding = 4; lastKnownFileType = sourcecode.swift; path = ConverstionListTableViewController.swift; sourceTree = "<group>"; };
		CE972BCA1E87C9C00000DFC5 /* ConversationCellConfiguration.swift */ = {isa = PBXFileReference; fileEncoding = 4; lastKnownFileType = sourcecode.swift; path = ConversationCellConfiguration.swift; sourceTree = "<group>"; };
		CE972BCC1E87CA7E0000DFC5 /* ConversationListCell.swift */ = {isa = PBXFileReference; fileEncoding = 4; lastKnownFileType = sourcecode.swift; path = ConversationListCell.swift; sourceTree = "<group>"; };
		CE972BCE1E87E20A0000DFC5 /* Conversation.swift */ = {isa = PBXFileReference; fileEncoding = 4; lastKnownFileType = sourcecode.swift; path = Conversation.swift; sourceTree = "<group>"; };
		CEEE2BB61EA3F09200632CA1 /* LaunchScreen.storyboard */ = {isa = PBXFileReference; fileEncoding = 4; lastKnownFileType = file.storyboard; path = LaunchScreen.storyboard; sourceTree = "<group>"; };
		CEEE2BB81EA3F0A700632CA1 /* Profile.storyboard */ = {isa = PBXFileReference; fileEncoding = 4; lastKnownFileType = file.storyboard; path = Profile.storyboard; sourceTree = "<group>"; };
		CEEE2BBD1EA49F6000632CA1 /* StorageService.swift */ = {isa = PBXFileReference; fileEncoding = 4; lastKnownFileType = sourcecode.swift; name = StorageService.swift; path = "Service layer/StorageService.swift"; sourceTree = "<group>"; };
/* End PBXFileReference section */

/* Begin PBXFrameworksBuildPhase section */
		CE47E4DB1E686DE8003F8B70 /* Frameworks */ = {
			isa = PBXFrameworksBuildPhase;
			buildActionMask = 2147483647;
			files = (
			);
			runOnlyForDeploymentPostprocessing = 0;
		};
		CE47E4F21E686DEC003F8B70 /* Frameworks */ = {
			isa = PBXFrameworksBuildPhase;
			buildActionMask = 2147483647;
			files = (
			);
			runOnlyForDeploymentPostprocessing = 0;
		};
/* End PBXFrameworksBuildPhase section */

/* Begin PBXGroup section */
		CE27103A1E8F711E0077850D /* Views */ = {
			isa = PBXGroup;
			children = (
				CE972BC81E87C89D0000DFC5 /* Storyboards */,
				CE972BCC1E87CA7E0000DFC5 /* ConversationListCell.swift */,
				CE2710341E8974690077850D /* ConversationCell.swift */,
				CE2710381E8F654E0077850D /* MessageLabel.swift */,
				CE972BCA1E87C9C00000DFC5 /* ConversationCellConfiguration.swift */,
				CE2710321E8973EB0077850D /* MessageCellConfiguration.swift */,
			);
			name = Views;
			path = "Presentation layer/Views";
			sourceTree = "<group>";
		};
		CE27103B1E8F713C0077850D /* Models */ = {
			isa = PBXGroup;
			children = (
				CE972BCE1E87E20A0000DFC5 /* Conversation.swift */,
				CE2710361E897D200077850D /* Message.swift */,
				CE6DB3DD1E96A642008DBF59 /* UserProfile.swift */,
				CE3B74501EB3C6EE00985397 /* AppUser.swift */,
				CE8125C41EB4806F008C5FE6 /* User.swift */,
			);
			name = Models;
			path = "Presentation layer/Models";
			sourceTree = "<group>";
		};
		CE47E4D51E686DE8003F8B70 = {
			isa = PBXGroup;
			children = (
				CE00DCC41E95454E00086BAA /* File */,
				CE47E4E01E686DE8003F8B70 /* TinkoffChat */,
				CE47E4F81E686DEC003F8B70 /* TinkoffChatTests */,
				CE47E4DF1E686DE8003F8B70 /* Products */,
			);
			sourceTree = "<group>";
		};
		CE47E4DF1E686DE8003F8B70 /* Products */ = {
			isa = PBXGroup;
			children = (
				CE47E4DE1E686DE8003F8B70 /* TinkoffChat.app */,
				CE47E4F51E686DEC003F8B70 /* TinkoffChatTests.xctest */,
			);
			name = Products;
			sourceTree = "<group>";
		};
		CE47E4E01E686DE8003F8B70 /* TinkoffChat */ = {
			isa = PBXGroup;
			children = (
				CEEE2BBA1EA3F15D00632CA1 /* Presentation layer */,
				CEEE2BBB1EA3F28D00632CA1 /* Service layer */,
				CEEE2BBC1EA3F2B000632CA1 /* Core layer */,
				CE972BC91E87C8B60000DFC5 /* SuportFiles */,
				CE47E4F01E686DEA003F8B70 /* Info.plist */,
				CE8125CA1EB49DFB008C5FE6 /* TinkoffChat.xcdatamodeld */,
			);
			path = TinkoffChat;
			sourceTree = "<group>";
		};
		CE47E4F81E686DEC003F8B70 /* TinkoffChatTests */ = {
			isa = PBXGroup;
			children = (
				CE47E4F91E686DEC003F8B70 /* TinkoffChatTests.swift */,
				CE47E4FB1E686DEC003F8B70 /* Info.plist */,
			);
			path = TinkoffChatTests;
			sourceTree = "<group>";
		};
		CE972BC71E87C8800000DFC5 /* Controllers */ = {
			isa = PBXGroup;
			children = (
				CE972BC51E87C8650000DFC5 /* ConverstionListTableViewController.swift */,
				CE47E4E31E686DE8003F8B70 /* ViewController.swift */,
				CE27102E1E8969F90077850D /* ConversationViewController.swift */,
			);
			name = Controllers;
			path = "Presentation layer/Controllers";
			sourceTree = "<group>";
		};
		CE972BC81E87C89D0000DFC5 /* Storyboards */ = {
			isa = PBXGroup;
			children = (
				CE972BC31E82DBC30000DFC5 /* ConversationsList.storyboard */,
				CEEE2BB81EA3F0A700632CA1 /* Profile.storyboard */,
				CEEE2BB61EA3F09200632CA1 /* LaunchScreen.storyboard */,
				CE2710301E896A220077850D /* Conversation.storyboard */,
			);
			name = Storyboards;
			path = Storyboards.storyboard;
			sourceTree = "<group>";
		};
		CE972BC91E87C8B60000DFC5 /* SuportFiles */ = {
			isa = PBXGroup;
			children = (
				CE47E4E11E686DE8003F8B70 /* AppDelegate.swift */,
				CE47E4EB1E686DEA003F8B70 /* Assets.xcassets */,
				CE27103E1E8F8DEB0077850D /* User.plist */,
			);
			path = SuportFiles;
			sourceTree = "<group>";
		};
		CEEE2BBA1EA3F15D00632CA1 /* Presentation layer */ = {
			isa = PBXGroup;
			children = (
				CE27103B1E8F713C0077850D /* Models */,
				CE27103A1E8F711E0077850D /* Views */,
				CE972BC71E87C8800000DFC5 /* Controllers */,
			);
			name = "Presentation layer";
			sourceTree = "<group>";
		};
		CEEE2BBB1EA3F28D00632CA1 /* Service layer */ = {
			isa = PBXGroup;
			children = (
				CE6DB3F01E98C156008DBF59 /* CommunicationManager.swift */,
				CEEE2BBD1EA49F6000632CA1 /* StorageService.swift */,
				CE8125C61EB48346008C5FE6 /* ProfileService.swift */,
			);
			name = "Service layer";
			sourceTree = "<group>";
		};
		CEEE2BBC1EA3F2B000632CA1 /* Core layer */ = {
			isa = PBXGroup;
			children = (
				CE6DB3EE1E98B7D4008DBF59 /* MultipeerCommunicator.swift */,
				CE27103C1E8F85180077850D /* GCDDataManager.swift */,
				CE3B744E1EB3B22900985397 /* CoreDataStack.swift */,
				CE8125C81EB48494008C5FE6 /* CoreDataManager.swift */,
			);
			path = "Core layer";
			sourceTree = "<group>";
		};
/* End PBXGroup section */

/* Begin PBXNativeTarget section */
		CE47E4DD1E686DE8003F8B70 /* TinkoffChat */ = {
			isa = PBXNativeTarget;
			buildConfigurationList = CE47E4FE1E686DEC003F8B70 /* Build configuration list for PBXNativeTarget "TinkoffChat" */;
			buildPhases = (
				CE47E4DA1E686DE8003F8B70 /* Sources */,
				CE47E4DB1E686DE8003F8B70 /* Frameworks */,
				CE47E4DC1E686DE8003F8B70 /* Resources */,
			);
			buildRules = (
			);
			dependencies = (
			);
			name = TinkoffChat;
			productName = TinkoffChat;
			productReference = CE47E4DE1E686DE8003F8B70 /* TinkoffChat.app */;
			productType = "com.apple.product-type.application";
		};
		CE47E4F41E686DEC003F8B70 /* TinkoffChatTests */ = {
			isa = PBXNativeTarget;
			buildConfigurationList = CE47E5011E686DEC003F8B70 /* Build configuration list for PBXNativeTarget "TinkoffChatTests" */;
			buildPhases = (
				CE47E4F11E686DEC003F8B70 /* Sources */,
				CE47E4F21E686DEC003F8B70 /* Frameworks */,
				CE47E4F31E686DEC003F8B70 /* Resources */,
			);
			buildRules = (
			);
			dependencies = (
				CE47E4F71E686DEC003F8B70 /* PBXTargetDependency */,
			);
			name = TinkoffChatTests;
			productName = TinkoffChatTests;
			productReference = CE47E4F51E686DEC003F8B70 /* TinkoffChatTests.xctest */;
			productType = "com.apple.product-type.bundle.unit-test";
		};
/* End PBXNativeTarget section */

/* Begin PBXProject section */
		CE47E4D61E686DE8003F8B70 /* Project object */ = {
			isa = PBXProject;
			attributes = {
				LastSwiftUpdateCheck = 0820;
				LastUpgradeCheck = 0820;
				ORGANIZATIONNAME = "Oleg Shipulin";
				TargetAttributes = {
					CE47E4DD1E686DE8003F8B70 = {
						CreatedOnToolsVersion = 8.2.1;
						DevelopmentTeam = KJ9QPKNYK8;
						ProvisioningStyle = Automatic;
					};
					CE47E4F41E686DEC003F8B70 = {
						CreatedOnToolsVersion = 8.2.1;
						DevelopmentTeam = KJ9QPKNYK8;
						ProvisioningStyle = Automatic;
						TestTargetID = CE47E4DD1E686DE8003F8B70;
					};
				};
			};
			buildConfigurationList = CE47E4D91E686DE8003F8B70 /* Build configuration list for PBXProject "TinkoffChat" */;
			compatibilityVersion = "Xcode 3.2";
			developmentRegion = English;
			hasScannedForEncodings = 0;
			knownRegions = (
				en,
				Base,
			);
			mainGroup = CE47E4D51E686DE8003F8B70;
			productRefGroup = CE47E4DF1E686DE8003F8B70 /* Products */;
			projectDirPath = "";
			projectRoot = "";
			targets = (
				CE47E4DD1E686DE8003F8B70 /* TinkoffChat */,
				CE47E4F41E686DEC003F8B70 /* TinkoffChatTests */,
			);
		};
/* End PBXProject section */

/* Begin PBXResourcesBuildPhase section */
		CE47E4DC1E686DE8003F8B70 /* Resources */ = {
			isa = PBXResourcesBuildPhase;
			buildActionMask = 2147483647;
			files = (
				CEEE2BB71EA3F09200632CA1 /* LaunchScreen.storyboard in Resources */,
				CE27103F1E8F8DEB0077850D /* User.plist in Resources */,
				CEEE2BB91EA3F0A700632CA1 /* Profile.storyboard in Resources */,
				CE00DCC51E95454E00086BAA /* File in Resources */,
				CE47E4EC1E686DEA003F8B70 /* Assets.xcassets in Resources */,
				CE2710311E896A220077850D /* Conversation.storyboard in Resources */,
				CE972BC41E82DBC30000DFC5 /* ConversationsList.storyboard in Resources */,
			);
			runOnlyForDeploymentPostprocessing = 0;
		};
		CE47E4F31E686DEC003F8B70 /* Resources */ = {
			isa = PBXResourcesBuildPhase;
			buildActionMask = 2147483647;
			files = (
			);
			runOnlyForDeploymentPostprocessing = 0;
		};
/* End PBXResourcesBuildPhase section */

/* Begin PBXSourcesBuildPhase section */
		CE47E4DA1E686DE8003F8B70 /* Sources */ = {
			isa = PBXSourcesBuildPhase;
			buildActionMask = 2147483647;
			files = (
				CE2710331E8973EB0077850D /* MessageCellConfiguration.swift in Sources */,
				CE972BC61E87C8660000DFC5 /* ConverstionListTableViewController.swift in Sources */,
				CE47E4E41E686DE8003F8B70 /* ViewController.swift in Sources */,
				CE3B744F1EB3B22900985397 /* CoreDataStack.swift in Sources */,
				CE27102F1E8969F90077850D /* ConversationViewController.swift in Sources */,
				CE972BCD1E87CA7E0000DFC5 /* ConversationListCell.swift in Sources */,
				CE27103D1E8F85180077850D /* GCDDataManager.swift in Sources */,
				CE47E4E21E686DE8003F8B70 /* AppDelegate.swift in Sources */,
				CE8125C51EB4806F008C5FE6 /* User.swift in Sources */,
				CE2710371E897D200077850D /* Message.swift in Sources */,
				CE8125C91EB48494008C5FE6 /* CoreDataManager.swift in Sources */,
				CE972BCF1E87E20A0000DFC5 /* Conversation.swift in Sources */,
				CE6DB3F11E98C156008DBF59 /* CommunicationManager.swift in Sources */,
				CE8125CC1EB49DFB008C5FE6 /* TinkoffChat.xcdatamodeld in Sources */,
				CE972BCB1E87C9C00000DFC5 /* ConversationCellConfiguration.swift in Sources */,
				CE6DB3DE1E96A642008DBF59 /* UserProfile.swift in Sources */,
				CEEE2BBE1EA49F6000632CA1 /* StorageService.swift in Sources */,
				CE6DB3EF1E98B7D4008DBF59 /* MultipeerCommunicator.swift in Sources */,
				CE2710391E8F654E0077850D /* MessageLabel.swift in Sources */,
				CE2710351E8974690077850D /* ConversationCell.swift in Sources */,
				CE3B74511EB3C6EE00985397 /* AppUser.swift in Sources */,
				CE8125C71EB48346008C5FE6 /* ProfileService.swift in Sources */,
			);
			runOnlyForDeploymentPostprocessing = 0;
		};
		CE47E4F11E686DEC003F8B70 /* Sources */ = {
			isa = PBXSourcesBuildPhase;
			buildActionMask = 2147483647;
			files = (
				CE47E4FA1E686DEC003F8B70 /* TinkoffChatTests.swift in Sources */,
			);
			runOnlyForDeploymentPostprocessing = 0;
		};
/* End PBXSourcesBuildPhase section */

/* Begin PBXTargetDependency section */
		CE47E4F71E686DEC003F8B70 /* PBXTargetDependency */ = {
			isa = PBXTargetDependency;
			target = CE47E4DD1E686DE8003F8B70 /* TinkoffChat */;
			targetProxy = CE47E4F61E686DEC003F8B70 /* PBXContainerItemProxy */;
		};
/* End PBXTargetDependency section */

/* Begin XCBuildConfiguration section */
		CE47E4FC1E686DEC003F8B70 /* Debug */ = {
			isa = XCBuildConfiguration;
			buildSettings = {
				ALWAYS_SEARCH_USER_PATHS = NO;
				CLANG_ANALYZER_NONNULL = YES;
				CLANG_CXX_LANGUAGE_STANDARD = "gnu++0x";
				CLANG_CXX_LIBRARY = "libc++";
				CLANG_ENABLE_MODULES = YES;
				CLANG_ENABLE_OBJC_ARC = YES;
				CLANG_WARN_BOOL_CONVERSION = YES;
				CLANG_WARN_CONSTANT_CONVERSION = YES;
				CLANG_WARN_DIRECT_OBJC_ISA_USAGE = YES_ERROR;
				CLANG_WARN_DOCUMENTATION_COMMENTS = YES;
				CLANG_WARN_EMPTY_BODY = YES;
				CLANG_WARN_ENUM_CONVERSION = YES;
				CLANG_WARN_INFINITE_RECURSION = YES;
				CLANG_WARN_INT_CONVERSION = YES;
				CLANG_WARN_OBJC_ROOT_CLASS = YES_ERROR;
				CLANG_WARN_SUSPICIOUS_MOVE = YES;
				CLANG_WARN_UNREACHABLE_CODE = YES;
				CLANG_WARN__DUPLICATE_METHOD_MATCH = YES;
				"CODE_SIGN_IDENTITY[sdk=iphoneos*]" = "iPhone Developer";
				COPY_PHASE_STRIP = NO;
				DEBUG_INFORMATION_FORMAT = dwarf;
				ENABLE_STRICT_OBJC_MSGSEND = YES;
				ENABLE_TESTABILITY = YES;
				GCC_C_LANGUAGE_STANDARD = gnu99;
				GCC_DYNAMIC_NO_PIC = NO;
				GCC_NO_COMMON_BLOCKS = YES;
				GCC_OPTIMIZATION_LEVEL = 0;
				GCC_PREPROCESSOR_DEFINITIONS = (
					"DEBUG=1",
					"$(inherited)",
				);
				GCC_WARN_64_TO_32_BIT_CONVERSION = YES;
				GCC_WARN_ABOUT_RETURN_TYPE = YES_ERROR;
				GCC_WARN_UNDECLARED_SELECTOR = YES;
				GCC_WARN_UNINITIALIZED_AUTOS = YES_AGGRESSIVE;
				GCC_WARN_UNUSED_FUNCTION = YES;
				GCC_WARN_UNUSED_VARIABLE = YES;
				IPHONEOS_DEPLOYMENT_TARGET = 10.2;
				MTL_ENABLE_DEBUG_INFO = YES;
				ONLY_ACTIVE_ARCH = YES;
				SDKROOT = iphoneos;
				SWIFT_ACTIVE_COMPILATION_CONDITIONS = DEBUG;
				SWIFT_OPTIMIZATION_LEVEL = "-Onone";
			};
			name = Debug;
		};
		CE47E4FD1E686DEC003F8B70 /* Release */ = {
			isa = XCBuildConfiguration;
			buildSettings = {
				ALWAYS_SEARCH_USER_PATHS = NO;
				CLANG_ANALYZER_NONNULL = YES;
				CLANG_CXX_LANGUAGE_STANDARD = "gnu++0x";
				CLANG_CXX_LIBRARY = "libc++";
				CLANG_ENABLE_MODULES = YES;
				CLANG_ENABLE_OBJC_ARC = YES;
				CLANG_WARN_BOOL_CONVERSION = YES;
				CLANG_WARN_CONSTANT_CONVERSION = YES;
				CLANG_WARN_DIRECT_OBJC_ISA_USAGE = YES_ERROR;
				CLANG_WARN_DOCUMENTATION_COMMENTS = YES;
				CLANG_WARN_EMPTY_BODY = YES;
				CLANG_WARN_ENUM_CONVERSION = YES;
				CLANG_WARN_INFINITE_RECURSION = YES;
				CLANG_WARN_INT_CONVERSION = YES;
				CLANG_WARN_OBJC_ROOT_CLASS = YES_ERROR;
				CLANG_WARN_SUSPICIOUS_MOVE = YES;
				CLANG_WARN_UNREACHABLE_CODE = YES;
				CLANG_WARN__DUPLICATE_METHOD_MATCH = YES;
				"CODE_SIGN_IDENTITY[sdk=iphoneos*]" = "iPhone Developer";
				COPY_PHASE_STRIP = NO;
				DEBUG_INFORMATION_FORMAT = "dwarf-with-dsym";
				ENABLE_NS_ASSERTIONS = NO;
				ENABLE_STRICT_OBJC_MSGSEND = YES;
				GCC_C_LANGUAGE_STANDARD = gnu99;
				GCC_NO_COMMON_BLOCKS = YES;
				GCC_WARN_64_TO_32_BIT_CONVERSION = YES;
				GCC_WARN_ABOUT_RETURN_TYPE = YES_ERROR;
				GCC_WARN_UNDECLARED_SELECTOR = YES;
				GCC_WARN_UNINITIALIZED_AUTOS = YES_AGGRESSIVE;
				GCC_WARN_UNUSED_FUNCTION = YES;
				GCC_WARN_UNUSED_VARIABLE = YES;
				IPHONEOS_DEPLOYMENT_TARGET = 10.2;
				MTL_ENABLE_DEBUG_INFO = NO;
				SDKROOT = iphoneos;
				SWIFT_OPTIMIZATION_LEVEL = "-Owholemodule";
				VALIDATE_PRODUCT = YES;
			};
			name = Release;
		};
		CE47E4FF1E686DEC003F8B70 /* Debug */ = {
			isa = XCBuildConfiguration;
			buildSettings = {
				ASSETCATALOG_COMPILER_APPICON_NAME = AppIcon;
				CODE_SIGN_IDENTITY = "iPhone Developer";
				"CODE_SIGN_IDENTITY[sdk=iphoneos*]" = "iPhone Developer";
				DEVELOPMENT_TEAM = "";
				INFOPLIST_FILE = TinkoffChat/Info.plist;
				IPHONEOS_DEPLOYMENT_TARGET = 10.2;
				LD_RUNPATH_SEARCH_PATHS = "$(inherited) @executable_path/Frameworks";
				PRODUCT_BUNDLE_IDENTIFIER = ru.olegcompany.TinkoffChat;
				PRODUCT_NAME = "$(TARGET_NAME)";
				PROVISIONING_PROFILE_SPECIFIER = "";
				SWIFT_VERSION = 3.0;
			};
			name = Debug;
		};
		CE47E5001E686DEC003F8B70 /* Release */ = {
			isa = XCBuildConfiguration;
			buildSettings = {
				ASSETCATALOG_COMPILER_APPICON_NAME = AppIcon;
				CODE_SIGN_IDENTITY = "iPhone Developer";
				"CODE_SIGN_IDENTITY[sdk=iphoneos*]" = "iPhone Developer";
				DEVELOPMENT_TEAM = "";
				INFOPLIST_FILE = TinkoffChat/Info.plist;
				IPHONEOS_DEPLOYMENT_TARGET = 10.2;
				LD_RUNPATH_SEARCH_PATHS = "$(inherited) @executable_path/Frameworks";
				PRODUCT_BUNDLE_IDENTIFIER = ru.olegcompany.TinkoffChat;
				PRODUCT_NAME = "$(TARGET_NAME)";
				PROVISIONING_PROFILE_SPECIFIER = "";
				SWIFT_VERSION = 3.0;
			};
			name = Release;
		};
		CE47E5021E686DEC003F8B70 /* Debug */ = {
			isa = XCBuildConfiguration;
			buildSettings = {
				ALWAYS_EMBED_SWIFT_STANDARD_LIBRARIES = YES;
				BUNDLE_LOADER = "$(TEST_HOST)";
				CODE_SIGN_IDENTITY = "iPhone Developer";
				"CODE_SIGN_IDENTITY[sdk=iphoneos*]" = "iPhone Developer";
				DEVELOPMENT_TEAM = "";
				INFOPLIST_FILE = TinkoffChatTests/Info.plist;
				LD_RUNPATH_SEARCH_PATHS = "$(inherited) @executable_path/Frameworks @loader_path/Frameworks";
				PRODUCT_BUNDLE_IDENTIFIER = ru.olegcompany.TinkoffChatTests;
				PRODUCT_NAME = "$(TARGET_NAME)";
				PROVISIONING_PROFILE_SPECIFIER = "";
				SWIFT_VERSION = 3.0;
				TEST_HOST = "$(BUILT_PRODUCTS_DIR)/TinkoffChat.app/TinkoffChat";
			};
			name = Debug;
		};
		CE47E5031E686DEC003F8B70 /* Release */ = {
			isa = XCBuildConfiguration;
			buildSettings = {
				ALWAYS_EMBED_SWIFT_STANDARD_LIBRARIES = YES;
				BUNDLE_LOADER = "$(TEST_HOST)";
				CODE_SIGN_IDENTITY = "iPhone Developer";
				"CODE_SIGN_IDENTITY[sdk=iphoneos*]" = "iPhone Developer";
				DEVELOPMENT_TEAM = "";
				INFOPLIST_FILE = TinkoffChatTests/Info.plist;
				LD_RUNPATH_SEARCH_PATHS = "$(inherited) @executable_path/Frameworks @loader_path/Frameworks";
				PRODUCT_BUNDLE_IDENTIFIER = ru.olegcompany.TinkoffChatTests;
				PRODUCT_NAME = "$(TARGET_NAME)";
				PROVISIONING_PROFILE_SPECIFIER = "";
				SWIFT_VERSION = 3.0;
				TEST_HOST = "$(BUILT_PRODUCTS_DIR)/TinkoffChat.app/TinkoffChat";
			};
			name = Release;
		};
/* End XCBuildConfiguration section */

/* Begin XCConfigurationList section */
		CE47E4D91E686DE8003F8B70 /* Build configuration list for PBXProject "TinkoffChat" */ = {
			isa = XCConfigurationList;
			buildConfigurations = (
				CE47E4FC1E686DEC003F8B70 /* Debug */,
				CE47E4FD1E686DEC003F8B70 /* Release */,
			);
			defaultConfigurationIsVisible = 0;
			defaultConfigurationName = Release;
		};
		CE47E4FE1E686DEC003F8B70 /* Build configuration list for PBXNativeTarget "TinkoffChat" */ = {
			isa = XCConfigurationList;
			buildConfigurations = (
				CE47E4FF1E686DEC003F8B70 /* Debug */,
				CE47E5001E686DEC003F8B70 /* Release */,
			);
			defaultConfigurationIsVisible = 0;
			defaultConfigurationName = Release;
		};
		CE47E5011E686DEC003F8B70 /* Build configuration list for PBXNativeTarget "TinkoffChatTests" */ = {
			isa = XCConfigurationList;
			buildConfigurations = (
				CE47E5021E686DEC003F8B70 /* Debug */,
				CE47E5031E686DEC003F8B70 /* Release */,
			);
			defaultConfigurationIsVisible = 0;
			defaultConfigurationName = Release;
		};
/* End XCConfigurationList section */

/* Begin XCVersionGroup section */
		CE8125CA1EB49DFB008C5FE6 /* TinkoffChat.xcdatamodeld */ = {
			isa = XCVersionGroup;
			children = (
				CE8125CB1EB49DFB008C5FE6 /* TinkoffChat.xcdatamodel */,
			);
			currentVersion = CE8125CB1EB49DFB008C5FE6 /* TinkoffChat.xcdatamodel */;
			path = TinkoffChat.xcdatamodeld;
			sourceTree = "<group>";
			versionGroupType = wrapper.xcdatamodel;
		};
/* End XCVersionGroup section */
	};
	rootObject = CE47E4D61E686DE8003F8B70 /* Project object */;
}
